
Microsoft Visual Studio Solution File, Format Version 12.00
# Visual Studio Version 17
VisualStudioVersion = 17.11.35327.3
MinimumVisualStudioVersion = 10.0.40219.1
Project("{FAE04EC0-301F-11D3-BF4B-00C04F79EFBC}") = "T3_Grupo4", "T3_Grupo4.csproj", "{2128624C-37E9-4046-ADFE-7EC22E97F359}"
EndProject
Global
	GlobalSection(SolutionConfigurationPlatforms) = preSolution
		Debug|Any CPU = Debug|Any CPU
		Release|Any CPU = Release|Any CPU
	EndGlobalSection
	GlobalSection(ProjectConfigurationPlatforms) = postSolution
		{2128624C-37E9-4046-ADFE-7EC22E97F359}.Debug|Any CPU.ActiveCfg = Debug|Any CPU
		{2128624C-37E9-4046-ADFE-7EC22E97F359}.Debug|Any CPU.Build.0 = Debug|Any CPU
		{2128624C-37E9-4046-ADFE-7EC22E97F359}.Release|Any CPU.ActiveCfg = Release|Any CPU
		{2128624C-37E9-4046-ADFE-7EC22E97F359}.Release|Any CPU.Build.0 = Release|Any CPU
	EndGlobalSection
	GlobalSection(SolutionProperties) = preSolution
		HideSolutionNode = FALSE
	EndGlobalSection
	GlobalSection(ExtensibilityGlobals) = postSolution
		SolutionGuid = {CD4A6C2D-76A2-452B-992F-132316FDF084}
	EndGlobalSection
EndGlobal
